
Microsoft Visual Studio Solution File, Format Version 12.00
# Visual Studio Version 16
VisualStudioVersion = 16.0.31702.278
MinimumVisualStudioVersion = 10.0.40219.1
Project("{FAE04EC0-301F-11D3-BF4B-00C04F79EFBC}") = "TretiaHodina", "TretiaHodina\TretiaHodina.csproj", "{483C475B-0462-4A3C-9F93-A7890B511411}"
EndProject
Global
	GlobalSection(SolutionConfigurationPlatforms) = preSolution
		Debug|Any CPU = Debug|Any CPU
		Release|Any CPU = Release|Any CPU
	EndGlobalSection
	GlobalSection(ProjectConfigurationPlatforms) = postSolution
		{483C475B-0462-4A3C-9F93-A7890B511411}.Debug|Any CPU.ActiveCfg = Debug|Any CPU
		{483C475B-0462-4A3C-9F93-A7890B511411}.Debug|Any CPU.Build.0 = Debug|Any CPU
		{483C475B-0462-4A3C-9F93-A7890B511411}.Release|Any CPU.ActiveCfg = Release|Any CPU
		{483C475B-0462-4A3C-9F93-A7890B511411}.Release|Any CPU.Build.0 = Release|Any CPU
	EndGlobalSection
	GlobalSection(SolutionProperties) = preSolution
		HideSolutionNode = FALSE
	EndGlobalSection
	GlobalSection(ExtensibilityGlobals) = postSolution
		SolutionGuid = {E25FE7B2-08B0-4C79-AA4D-E43A4F8755EF}
	EndGlobalSection
EndGlobal
